
Microsoft Visual Studio Solution File, Format Version 12.00
# Visual Studio Version 16
VisualStudioVersion = 16.0.31605.320
MinimumVisualStudioVersion = 10.0.40219.1
Project("{FAE04EC0-301F-11D3-BF4B-00C04F79EFBC}") = "CheckSameCase", "CheckSameCase.csproj", "{52210C97-2631-411C-979C-2790AF48A306}"
EndProject
Global
	GlobalSection(SolutionConfigurationPlatforms) = preSolution
		Debug|Any CPU = Debug|Any CPU
		Release|Any CPU = Release|Any CPU
	EndGlobalSection
	GlobalSection(ProjectConfigurationPlatforms) = postSolution
		{52210C97-2631-411C-979C-2790AF48A306}.Debug|Any CPU.ActiveCfg = Debug|Any CPU
		{52210C97-2631-411C-979C-2790AF48A306}.Debug|Any CPU.Build.0 = Debug|Any CPU
		{52210C97-2631-411C-979C-2790AF48A306}.Release|Any CPU.ActiveCfg = Release|Any CPU
		{52210C97-2631-411C-979C-2790AF48A306}.Release|Any CPU.Build.0 = Release|Any CPU
	EndGlobalSection
	GlobalSection(SolutionProperties) = preSolution
		HideSolutionNode = FALSE
	EndGlobalSection
	GlobalSection(ExtensibilityGlobals) = postSolution
		SolutionGuid = {604D3C04-4AEB-4B38-927D-2820D085C235}
	EndGlobalSection
EndGlobal
